
Microsoft Visual Studio Solution File, Format Version 12.00
# Visual Studio Version 17
VisualStudioVersion = 17.4.33122.133
MinimumVisualStudioVersion = 10.0.40219.1
Project("{FAE04EC0-301F-11D3-BF4B-00C04F79EFBC}") = "Interface2", "Interface2\Interface2.csproj", "{87A0969F-9010-4294-9961-C2B459573654}"
EndProject
Global
	GlobalSection(SolutionConfigurationPlatforms) = preSolution
		Debug|Any CPU = Debug|Any CPU
		Release|Any CPU = Release|Any CPU
	EndGlobalSection
	GlobalSection(ProjectConfigurationPlatforms) = postSolution
		{87A0969F-9010-4294-9961-C2B459573654}.Debug|Any CPU.ActiveCfg = Debug|Any CPU
		{87A0969F-9010-4294-9961-C2B459573654}.Debug|Any CPU.Build.0 = Debug|Any CPU
		{87A0969F-9010-4294-9961-C2B459573654}.Release|Any CPU.ActiveCfg = Release|Any CPU
		{87A0969F-9010-4294-9961-C2B459573654}.Release|Any CPU.Build.0 = Release|Any CPU
	EndGlobalSection
	GlobalSection(SolutionProperties) = preSolution
		HideSolutionNode = FALSE
	EndGlobalSection
	GlobalSection(ExtensibilityGlobals) = postSolution
		SolutionGuid = {DEDB5239-86C3-49E7-B666-B31D168745C8}
	EndGlobalSection
EndGlobal
