
Microsoft Visual Studio Solution File, Format Version 12.00
# Visual Studio Version 17
VisualStudioVersion = 17.4.33122.133
MinimumVisualStudioVersion = 10.0.40219.1
Project("{FAE04EC0-301F-11D3-BF4B-00C04F79EFBC}") = "abstract summa", "abstract summa\abstract summa.csproj", "{783225FF-63A6-4776-A132-151046C64651}"
EndProject
Global
	GlobalSection(SolutionConfigurationPlatforms) = preSolution
		Debug|Any CPU = Debug|Any CPU
		Release|Any CPU = Release|Any CPU
	EndGlobalSection
	GlobalSection(ProjectConfigurationPlatforms) = postSolution
		{783225FF-63A6-4776-A132-151046C64651}.Debug|Any CPU.ActiveCfg = Debug|Any CPU
		{783225FF-63A6-4776-A132-151046C64651}.Debug|Any CPU.Build.0 = Debug|Any CPU
		{783225FF-63A6-4776-A132-151046C64651}.Release|Any CPU.ActiveCfg = Release|Any CPU
		{783225FF-63A6-4776-A132-151046C64651}.Release|Any CPU.Build.0 = Release|Any CPU
	EndGlobalSection
	GlobalSection(SolutionProperties) = preSolution
		HideSolutionNode = FALSE
	EndGlobalSection
	GlobalSection(ExtensibilityGlobals) = postSolution
		SolutionGuid = {ACC7D00F-8090-4D86-A3E2-7C673D2EFDA0}
	EndGlobalSection
EndGlobal
