
Microsoft Visual Studio Solution File, Format Version 12.00
# Visual Studio Version 17
VisualStudioVersion = 17.4.33122.133
MinimumVisualStudioVersion = 10.0.40219.1
Project("{FAE04EC0-301F-11D3-BF4B-00C04F79EFBC}") = "Task7", "Task7\Task7.csproj", "{87168853-5934-454B-B9CA-A16DFAAF6480}"
EndProject
Global
	GlobalSection(SolutionConfigurationPlatforms) = preSolution
		Debug|Any CPU = Debug|Any CPU
		Release|Any CPU = Release|Any CPU
	EndGlobalSection
	GlobalSection(ProjectConfigurationPlatforms) = postSolution
		{87168853-5934-454B-B9CA-A16DFAAF6480}.Debug|Any CPU.ActiveCfg = Debug|Any CPU
		{87168853-5934-454B-B9CA-A16DFAAF6480}.Debug|Any CPU.Build.0 = Debug|Any CPU
		{87168853-5934-454B-B9CA-A16DFAAF6480}.Release|Any CPU.ActiveCfg = Release|Any CPU
		{87168853-5934-454B-B9CA-A16DFAAF6480}.Release|Any CPU.Build.0 = Release|Any CPU
	EndGlobalSection
	GlobalSection(SolutionProperties) = preSolution
		HideSolutionNode = FALSE
	EndGlobalSection
	GlobalSection(ExtensibilityGlobals) = postSolution
		SolutionGuid = {FAD2EA13-7878-4E3C-860E-5E6090C90884}
	EndGlobalSection
EndGlobal
