
Microsoft Visual Studio Solution File, Format Version 12.00
# Visual Studio Version 17
VisualStudioVersion = 17.4.33122.133
MinimumVisualStudioVersion = 10.0.40219.1
Project("{FAE04EC0-301F-11D3-BF4B-00C04F79EFBC}") = "split", "split\split.csproj", "{95533859-7EE1-48EE-B24F-14FDE7F56ECB}"
EndProject
Global
	GlobalSection(SolutionConfigurationPlatforms) = preSolution
		Debug|Any CPU = Debug|Any CPU
		Release|Any CPU = Release|Any CPU
	EndGlobalSection
	GlobalSection(ProjectConfigurationPlatforms) = postSolution
		{95533859-7EE1-48EE-B24F-14FDE7F56ECB}.Debug|Any CPU.ActiveCfg = Debug|Any CPU
		{95533859-7EE1-48EE-B24F-14FDE7F56ECB}.Debug|Any CPU.Build.0 = Debug|Any CPU
		{95533859-7EE1-48EE-B24F-14FDE7F56ECB}.Release|Any CPU.ActiveCfg = Release|Any CPU
		{95533859-7EE1-48EE-B24F-14FDE7F56ECB}.Release|Any CPU.Build.0 = Release|Any CPU
	EndGlobalSection
	GlobalSection(SolutionProperties) = preSolution
		HideSolutionNode = FALSE
	EndGlobalSection
	GlobalSection(ExtensibilityGlobals) = postSolution
		SolutionGuid = {E9CEF425-89E5-42B0-98E8-F20E6A95E1E8}
	EndGlobalSection
EndGlobal
