
Microsoft Visual Studio Solution File, Format Version 12.00
# Visual Studio Version 17
VisualStudioVersion = 17.4.33122.133
MinimumVisualStudioVersion = 10.0.40219.1
Project("{FAE04EC0-301F-11D3-BF4B-00C04F79EFBC}") = "ConsoleApp2", "ConsoleApp2\ConsoleApp2.csproj", "{C9E21BF1-2047-485B-99C8-4C68402BB9CF}"
EndProject
Global
	GlobalSection(SolutionConfigurationPlatforms) = preSolution
		Debug|Any CPU = Debug|Any CPU
		Release|Any CPU = Release|Any CPU
	EndGlobalSection
	GlobalSection(ProjectConfigurationPlatforms) = postSolution
		{C9E21BF1-2047-485B-99C8-4C68402BB9CF}.Debug|Any CPU.ActiveCfg = Debug|Any CPU
		{C9E21BF1-2047-485B-99C8-4C68402BB9CF}.Debug|Any CPU.Build.0 = Debug|Any CPU
		{C9E21BF1-2047-485B-99C8-4C68402BB9CF}.Release|Any CPU.ActiveCfg = Release|Any CPU
		{C9E21BF1-2047-485B-99C8-4C68402BB9CF}.Release|Any CPU.Build.0 = Release|Any CPU
	EndGlobalSection
	GlobalSection(SolutionProperties) = preSolution
		HideSolutionNode = FALSE
	EndGlobalSection
	GlobalSection(ExtensibilityGlobals) = postSolution
		SolutionGuid = {005F05F2-86A6-4D32-AD82-1F1A628546AD}
	EndGlobalSection
EndGlobal
