
Microsoft Visual Studio Solution File, Format Version 12.00
# Visual Studio Version 17
VisualStudioVersion = 17.4.33122.133
MinimumVisualStudioVersion = 10.0.40219.1
Project("{FAE04EC0-301F-11D3-BF4B-00C04F79EFBC}") = "finbonacci", "finbonacci\finbonacci.csproj", "{93BF683B-1036-43EB-A984-0EF0E0BC8FA0}"
EndProject
Global
	GlobalSection(SolutionConfigurationPlatforms) = preSolution
		Debug|Any CPU = Debug|Any CPU
		Release|Any CPU = Release|Any CPU
	EndGlobalSection
	GlobalSection(ProjectConfigurationPlatforms) = postSolution
		{93BF683B-1036-43EB-A984-0EF0E0BC8FA0}.Debug|Any CPU.ActiveCfg = Debug|Any CPU
		{93BF683B-1036-43EB-A984-0EF0E0BC8FA0}.Debug|Any CPU.Build.0 = Debug|Any CPU
		{93BF683B-1036-43EB-A984-0EF0E0BC8FA0}.Release|Any CPU.ActiveCfg = Release|Any CPU
		{93BF683B-1036-43EB-A984-0EF0E0BC8FA0}.Release|Any CPU.Build.0 = Release|Any CPU
	EndGlobalSection
	GlobalSection(SolutionProperties) = preSolution
		HideSolutionNode = FALSE
	EndGlobalSection
	GlobalSection(ExtensibilityGlobals) = postSolution
		SolutionGuid = {8E88598B-5CCC-47D1-8BEC-92EB2A1DBEAE}
	EndGlobalSection
EndGlobal
