
Microsoft Visual Studio Solution File, Format Version 12.00
# Visual Studio Version 17
VisualStudioVersion = 17.4.33122.133
MinimumVisualStudioVersion = 10.0.40219.1
Project("{FAE04EC0-301F-11D3-BF4B-00C04F79EFBC}") = "hybrid inhertiance", "hybrid inhertiance\hybrid inhertiance.csproj", "{30520B1D-BE7A-4E01-8E43-4761FD7B0C1E}"
EndProject
Global
	GlobalSection(SolutionConfigurationPlatforms) = preSolution
		Debug|Any CPU = Debug|Any CPU
		Release|Any CPU = Release|Any CPU
	EndGlobalSection
	GlobalSection(ProjectConfigurationPlatforms) = postSolution
		{30520B1D-BE7A-4E01-8E43-4761FD7B0C1E}.Debug|Any CPU.ActiveCfg = Debug|Any CPU
		{30520B1D-BE7A-4E01-8E43-4761FD7B0C1E}.Debug|Any CPU.Build.0 = Debug|Any CPU
		{30520B1D-BE7A-4E01-8E43-4761FD7B0C1E}.Release|Any CPU.ActiveCfg = Release|Any CPU
		{30520B1D-BE7A-4E01-8E43-4761FD7B0C1E}.Release|Any CPU.Build.0 = Release|Any CPU
	EndGlobalSection
	GlobalSection(SolutionProperties) = preSolution
		HideSolutionNode = FALSE
	EndGlobalSection
	GlobalSection(ExtensibilityGlobals) = postSolution
		SolutionGuid = {BF17933B-A019-4C46-9508-DE8980881312}
	EndGlobalSection
EndGlobal
