
Microsoft Visual Studio Solution File, Format Version 12.00
# Visual Studio Version 17
VisualStudioVersion = 17.4.33122.133
MinimumVisualStudioVersion = 10.0.40219.1
Project("{FAE04EC0-301F-11D3-BF4B-00C04F79EFBC}") = "vowels.consonants", "vowels.consonants\vowels.consonants.csproj", "{057EC261-2A5D-4CFE-B339-D10DEDD152DD}"
EndProject
Global
	GlobalSection(SolutionConfigurationPlatforms) = preSolution
		Debug|Any CPU = Debug|Any CPU
		Release|Any CPU = Release|Any CPU
	EndGlobalSection
	GlobalSection(ProjectConfigurationPlatforms) = postSolution
		{057EC261-2A5D-4CFE-B339-D10DEDD152DD}.Debug|Any CPU.ActiveCfg = Debug|Any CPU
		{057EC261-2A5D-4CFE-B339-D10DEDD152DD}.Debug|Any CPU.Build.0 = Debug|Any CPU
		{057EC261-2A5D-4CFE-B339-D10DEDD152DD}.Release|Any CPU.ActiveCfg = Release|Any CPU
		{057EC261-2A5D-4CFE-B339-D10DEDD152DD}.Release|Any CPU.Build.0 = Release|Any CPU
	EndGlobalSection
	GlobalSection(SolutionProperties) = preSolution
		HideSolutionNode = FALSE
	EndGlobalSection
	GlobalSection(ExtensibilityGlobals) = postSolution
		SolutionGuid = {24E32EF2-C75C-497E-BAA7-D93C1E30DD7F}
	EndGlobalSection
EndGlobal
